
Microsoft Visual Studio Solution File, Format Version 12.00
# Visual Studio Version 17
VisualStudioVersion = 17.14.37012.4 d17.14
MinimumVisualStudioVersion = 10.0.40219.1
Project("{FAE04EC0-301F-11D3-BF4B-00C04F79EFBC}") = "C-sharpLeapYearCalculator", "C-sharpLeapYearCalculator\C-sharpLeapYearCalculator.csproj", "{CCEBD170-2421-4C34-80CC-0DD31A531113}"
EndProject
Project("{FAE04EC0-301F-11D3-BF4B-00C04F79EFBC}") = "BenchmarkSuite1", "BenchmarkSuite1\BenchmarkSuite1.csproj", "{A20861A9-411E-6150-BF5C-69E8196E5D22}"
EndProject
Global
	GlobalSection(SolutionConfigurationPlatforms) = preSolution
		Debug|Any CPU = Debug|Any CPU
		Release|Any CPU = Release|Any CPU
	EndGlobalSection
	GlobalSection(ProjectConfigurationPlatforms) = postSolution
		{CCEBD170-2421-4C34-80CC-0DD31A531113}.Debug|Any CPU.ActiveCfg = Debug|Any CPU
		{CCEBD170-2421-4C34-80CC-0DD31A531113}.Debug|Any CPU.Build.0 = Debug|Any CPU
		{CCEBD170-2421-4C34-80CC-0DD31A531113}.Release|Any CPU.ActiveCfg = Release|Any CPU
		{CCEBD170-2421-4C34-80CC-0DD31A531113}.Release|Any CPU.Build.0 = Release|Any CPU
		{A20861A9-411E-6150-BF5C-69E8196E5D22}.Debug|Any CPU.ActiveCfg = Debug|Any CPU
		{A20861A9-411E-6150-BF5C-69E8196E5D22}.Debug|Any CPU.Build.0 = Debug|Any CPU
		{A20861A9-411E-6150-BF5C-69E8196E5D22}.Release|Any CPU.ActiveCfg = Release|Any CPU
		{A20861A9-411E-6150-BF5C-69E8196E5D22}.Release|Any CPU.Build.0 = Release|Any CPU
	EndGlobalSection
	GlobalSection(SolutionProperties) = preSolution
		HideSolutionNode = FALSE
	EndGlobalSection
	GlobalSection(ExtensibilityGlobals) = postSolution
		SolutionGuid = {F7E77EB1-79C5-46D5-AB0D-1DCA87A1E44B}
	EndGlobalSection
EndGlobal
